GEM
  remote: https://rubygems.org/
  specs:
    activesupport (8.1.1)
      base64
      bigdecimal
      concurrent-ruby (~> 1.0, >= 1.3.1)
      connection_pool (>= 2.2.5)
      drb
      i18n (>= 1.6, < 2)
      json
      logger (>= 1.4.2)
      minitest (>= 5.1)
      securerandom (>= 0.3)
      tzinfo (~> 2.0, >= 2.0.5)
      uri (>= 0.13.1)
    addressable (2.3.8)
    base64 (0.3.0)
    bigdecimal (3.3.1)
    cert (1.4.4)
      fastlane_core (>= 0.55.0, < 1.0.0)
      spaceship (>= 0.37.0, < 1.0.0)
    colored (1.2)
    commander (4.6.0)
      highline (~> 2.0.0)
    concurrent-ruby (1.3.6)
    connection_pool (3.0.2)
    credentials_manager (0.16.4)
      colored
      commander (>= 4.3.5)
      highline (>= 1.7.1)
      security
    deliver (1.16.0)
      credentials_manager (>= 0.16.2, < 1.0.0)
      fastimage (~> 1.6)
      fastlane_core (>= 0.57.1, < 1.0.0)
      plist (>= 3.1.0, < 4.0.0)
      spaceship (>= 0.38.1, < 1.0.0)
    domain_name (0.6.20240107)
    dotenv (3.2.0)
    drb (2.2.3)
    excon (0.112.0)
    faraday (0.17.6)
      multipart-post (>= 1.2, < 3)
    faraday-cookie_jar (0.0.8)
      faraday (>= 0.8.0)
      http-cookie (>= 1.0.0)
    faraday_middleware (0.14.0)
      faraday (>= 0.7.4, < 1.0)
    fastimage (1.6.8)
      addressable (~> 2.3, >= 2.3.5)
    fastlane (1.33.6)
      addressable (~> 2.3.8)
      cert (>= 1.0.0, < 2.0.0)
      credentials_manager (>= 0.9.1, < 1.0.0)
      deliver (>= 1.3.2, < 2.0.0)
      fastlane_core (>= 0.25.1, < 1.0.0)
      frameit (>= 2.2.1, < 3.0.0)
      gym (>= 1.0.0, < 2.0.0)
      krausefx-shenzhen (>= 0.14.5)
      nokogiri (~> 1.6)
      pbxplorer (~> 1.0.0)
      pem (>= 1.0.0, < 2.0.0)
      pilot (>= 1.0.0, < 2.0.0)
      plist (~> 3.1.0)
      produce (>= 1.0.0, < 2.0.0)
      rest-client (~> 1.8.0)
      sigh (>= 1.0.0, < 2.0.0)
      slack-notifier (~> 1.3)
      snapshot (>= 0.10.2, < 1.0.0)
      spaceship (>= 0.12.1, < 1.0.0)
      terminal-notifier (~> 1.6.2)
      terminal-table (~> 1.4.5)
      xcodeproj (>= 0.20, < 1.0.0)
      xcpretty (>= 0.1.11)
    fastlane_core (0.59.0)
      colored
      commander (>= 4.4.0, <= 5.0.0)
      credentials_manager (>= 0.16.2, < 1.0.0)
      excon (>= 0.45.0, < 1.0)
      gh_inspector (>= 1.0.1, < 2.0.0)
      highline (>= 1.7.2)
      json
      multi_json
      plist (>= 3.1.0, < 4.0.0)
      rubyzip (~> 1.1.6)
      terminal-table (>= 1.4.5, < 2.0.0)
    frameit (2.8.0)
      deliver (> 0.3)
      fastimage (~> 1.6.3)
      fastlane_core (>= 0.52.1, < 1.0.0)
      mini_magick (~> 4.5.1)
    gh_inspector (1.1.3)
    gym (1.12.1)
      fastlane_core (>= 0.57.0, < 1.0.0)
      plist (>= 3.1.0, < 4.0.0)
      rubyzip (>= 1.1.7)
      terminal-table (>= 1.4.5, < 2.0.0)
      xcpretty (>= 0.2.4, < 1.0.0)
    highline (2.0.3)
    http-cookie (1.1.0)
      domain_name (~> 0.5)
    i18n (1.14.7)
      concurrent-ruby (~> 1.0)
    json (1.8.6)
    krausefx-shenzhen (0.14.11)
      commander (>= 4.3, < 5.0)
      dotenv (>= 0.7)
      faraday (~> 0.9)
      faraday_middleware (~> 0.9)
      highline (>= 1.7.2)
      json (~> 1.8)
      net-sftp (~> 2.1.2)
      plist (>= 3.1.0, < 4.0.0)
      rubyzip (~> 1.1)
      security (~> 0.1.3)
      terminal-table (~> 1.4.5)
    logger (1.7.0)
    mime-types (2.99.3)
    mini_magick (4.5.1)
    mini_portile2 (2.8.9)
    minitest (5.27.0)
    multi_json (1.18.0)
    multi_xml (0.7.2)
      bigdecimal (~> 3.1)
    multipart-post (2.4.1)
    net-sftp (2.1.2)
      net-ssh (>= 2.6.5)
    net-ssh (7.3.0)
    netrc (0.11.0)
    nokogiri (1.18.10)
      mini_portile2 (~> 2.8.2)
      racc (~> 1.4)
    nokogiri (1.18.10-arm64-darwin)
      racc (~> 1.4)
    pbxplorer (1.0.0)
    pem (1.4.0)
      fastlane_core (>= 0.53.0, < 1.0.0)
      spaceship (>= 0.36.2, < 1.0.0)
    pilot (1.12.1)
      credentials_manager (>= 0.16.0)
      fastlane_core (>= 0.56.0, < 1.0.0)
      spaceship (>= 0.37.0, < 1.0.0)
      terminal-table (>= 1.4.5, < 2.0.0)
    plist (3.1.0)
    produce (1.3.1)
      fastlane_core (>= 0.57.1, < 1.0.0)
      spaceship (>= 0.38.0, < 1.0.0)
    racc (1.8.1)
    rest-client (1.8.0)
      http-cookie (>= 1.0.2, < 2.0)
      mime-types (>= 1.16, < 3.0)
      netrc (~> 0.7)
    rouge (3.28.0)
    rubyzip (1.1.7)
    securerandom (0.4.1)
    security (0.1.5)
    sigh (1.12.0)
      fastlane_core (>= 0.57.1, < 1.0.0)
      plist (>= 3.1.0, < 4.0.0)
      spaceship (>= 0.38.1, < 1.0.0)
    slack-notifier (1.5.1)
    snapshot (0.10.2)
      fastimage (~> 1.6.3)
      fastlane_core (>= 0.16.1, < 1.0.0)
    spaceship (0.38.3)
      colored
      credentials_manager (>= 0.16.0)
      faraday (~> 0.9)
      faraday-cookie_jar (~> 0.0.6)
      faraday_middleware (~> 0.9)
      fastimage (~> 1.6)
      multi_xml (~> 0.5)
      plist (>= 3.1.0, < 4.0.0)
    terminal-notifier (1.6.3)
    terminal-table (1.4.5)
    tzinfo (2.0.6)
      concurrent-ruby (~> 1.0)
    uri (1.1.1)
    xcodeproj (0.25.1)
      activesupport (>= 3)
      colored (~> 1.2)
    xcpretty (0.4.1)
      rouge (~> 3.28.0)

PLATFORMS
  arm64-darwin-23
  ruby

DEPENDENCIES
  fastlane

BUNDLED WITH
  4.0.1
