PODS:
  - app_badge_plus (1.2.3):
    - FlutterMacOS
  - app_links (6.4.1):
    - FlutterMacOS
  - audio_session (0.0.1):
    - FlutterMacOS
  - connectivity_plus (0.0.1):
    - FlutterMacOS
  - cupertino_http (0.0.1):
    - Flutter
    - FlutterMacOS
  - device_info_plus (0.0.1):
    - FlutterMacOS
  - file_picker (0.0.1):
    - FlutterMacOS
  - file_selector_macos (0.0.1):
    - FlutterMacOS
  - Firebase/CoreOnly (12.4.0):
    - FirebaseCore (~> 12.4.0)
  - Firebase/Messaging (12.4.0):
    - Firebase/CoreOnly
    - FirebaseMessaging (~> 12.4.0)
  - firebase_core (4.2.1):
    - Firebase/CoreOnly (~> 12.4.0)
    - FlutterMacOS
  - firebase_messaging (16.0.4):
    - Firebase/CoreOnly (~> 12.4.0)
    - Firebase/Messaging (~> 12.4.0)
    - firebase_core
    - FlutterMacOS
  - FirebaseCore (12.4.0):
    - FirebaseCoreInternal (~> 12.4.0)
    - GoogleUtilities/Environment (~> 8.1)
    - GoogleUtilities/Logger (~> 8.1)
  - FirebaseCoreInternal (12.4.0):
    - "GoogleUtilities/NSData+zlib (~> 8.1)"
  - FirebaseInstallations (12.4.0):
    - FirebaseCore (~> 12.4.0)
    - GoogleUtilities/Environment (~> 8.1)
    - GoogleUtilities/UserDefaults (~> 8.1)
    - PromisesObjC (~> 2.4)
  - FirebaseMessaging (12.4.0):
    - FirebaseCore (~> 12.4.0)
    - FirebaseInstallations (~> 12.4.0)
    - GoogleDataTransport (~> 10.1)
    - GoogleUtilities/AppDelegateSwizzler (~> 8.1)
    - GoogleUtilities/Environment (~> 8.1)
    - GoogleUtilities/Reachability (~> 8.1)
    - GoogleUtilities/UserDefaults (~> 8.1)
    - nanopb (~> 3.30910.0)
  - flutter_custom_cursor (0.0.1):
    - FlutterMacOS
  - flutter_local_notifications (0.0.1):
    - FlutterMacOS
  - FlutterMacOS (1.0.0)
  - GoogleDataTransport (10.1.0):
    - nanopb (~> 3.30910.0)
    - PromisesObjC (~> 2.4)
  - GoogleUtilities/AppDelegateSwizzler (8.1.0):
    - GoogleUtilities/Environment
    - GoogleUtilities/Logger
    - GoogleUtilities/Network
    - GoogleUtilities/Privacy
  - GoogleUtilities/Environment (8.1.0):
    - GoogleUtilities/Privacy
  - GoogleUtilities/Logger (8.1.0):
    - GoogleUtilities/Environment
    - GoogleUtilities/Privacy
  - GoogleUtilities/Network (8.1.0):
    - GoogleUtilities/Logger
    - "GoogleUtilities/NSData+zlib"
    - GoogleUtilities/Privacy
    - GoogleUtilities/Reachability
  - "GoogleUtilities/NSData+zlib (8.1.0)":
    - GoogleUtilities/Privacy
  - GoogleUtilities/Privacy (8.1.0)
  - GoogleUtilities/Reachability (8.1.0):
    - GoogleUtilities/Logger
    - GoogleUtilities/Privacy
  - GoogleUtilities/UserDefaults (8.1.0):
    - GoogleUtilities/Logger
    - GoogleUtilities/Privacy
  - HotKey (0.2.1)
  - hotkey_manager_macos (0.0.1):
    - FlutterMacOS
    - HotKey
  - irondash_engine_context (0.0.1):
    - FlutterMacOS
  - just_audio (0.0.1):
    - Flutter
    - FlutterMacOS
  - macos_haptic_feedback (1.0.0):
    - FlutterMacOS
  - medea_flutter_webrtc (0.15.1):
    - FlutterMacOS
  - medea_jason (0.11.0):
    - FlutterMacOS
  - media_kit_libs_macos_video (1.0.4):
    - FlutterMacOS
  - media_kit_video (0.0.1):
    - FlutterMacOS
  - nanopb (3.30910.0):
    - nanopb/decode (= 3.30910.0)
    - nanopb/encode (= 3.30910.0)
  - nanopb/decode (3.30910.0)
  - nanopb/encode (3.30910.0)
  - objective_c (0.0.1):
    - FlutterMacOS
  - open_file_mac (0.0.1):
    - FlutterMacOS
  - package_info_plus (0.0.1):
    - FlutterMacOS
  - path_provider_foundation (0.0.1):
    - Flutter
    - FlutterMacOS
  - PromisesObjC (2.4.0)
  - screen_brightness_macos (0.1.0):
    - FlutterMacOS
  - screen_retriever_macos (0.0.1):
    - FlutterMacOS
  - Sentry/HybridSDK (8.56.2)
  - sentry_flutter (9.8.0):
    - Flutter
    - FlutterMacOS
    - Sentry/HybridSDK (= 8.56.2)
  - share_plus (0.0.1):
    - FlutterMacOS
  - shared_preferences_foundation (0.0.1):
    - Flutter
    - FlutterMacOS
  - sqlite3 (3.50.4):
    - sqlite3/common (= 3.50.4)
  - sqlite3/common (3.50.4)
  - sqlite3/dbstatvtab (3.50.4):
    - sqlite3/common
  - sqlite3/fts5 (3.50.4):
    - sqlite3/common
  - sqlite3/math (3.50.4):
    - sqlite3/common
  - sqlite3/perf-threadsafe (3.50.4):
    - sqlite3/common
  - sqlite3/rtree (3.50.4):
    - sqlite3/common
  - sqlite3/session (3.50.4):
    - sqlite3/common
  - sqlite3_flutter_libs (0.0.1):
    - Flutter
    - FlutterMacOS
    - sqlite3 (~> 3.50.4)
    - sqlite3/dbstatvtab
    - sqlite3/fts5
    - sqlite3/math
    - sqlite3/perf-threadsafe
    - sqlite3/rtree
    - sqlite3/session
  - super_native_extensions (0.0.1):
    - FlutterMacOS
  - url_launcher_macos (0.0.1):
    - FlutterMacOS
  - video_player_avfoundation (0.0.1):
    - Flutter
    - FlutterMacOS
  - volume_controller (0.0.1):
    - FlutterMacOS
  - wakelock_plus (0.0.1):
    - FlutterMacOS
  - window_manager (0.5.0):
    - FlutterMacOS

DEPENDENCIES:
  - app_badge_plus (from `Flutter/ephemeral/.symlinks/plugins/app_badge_plus/macos`)
  - app_links (from `Flutter/ephemeral/.symlinks/plugins/app_links/macos`)
  - audio_session (from `Flutter/ephemeral/.symlinks/plugins/audio_session/macos`)
  - connectivity_plus (from `Flutter/ephemeral/.symlinks/plugins/connectivity_plus/macos`)
  - cupertino_http (from `Flutter/ephemeral/.symlinks/plugins/cupertino_http/darwin`)
  - device_info_plus (from `Flutter/ephemeral/.symlinks/plugins/device_info_plus/macos`)
  - file_picker (from `Flutter/ephemeral/.symlinks/plugins/file_picker/macos`)
  - file_selector_macos (from `Flutter/ephemeral/.symlinks/plugins/file_selector_macos/macos`)
  - firebase_core (from `Flutter/ephemeral/.symlinks/plugins/firebase_core/macos`)
  - firebase_messaging (from `Flutter/ephemeral/.symlinks/plugins/firebase_messaging/macos`)
  - flutter_custom_cursor (from `Flutter/ephemeral/.symlinks/plugins/flutter_custom_cursor/macos`)
  - flutter_local_notifications (from `Flutter/ephemeral/.symlinks/plugins/flutter_local_notifications/macos`)
  - FlutterMacOS (from `Flutter/ephemeral`)
  - hotkey_manager_macos (from `Flutter/ephemeral/.symlinks/plugins/hotkey_manager_macos/macos`)
  - irondash_engine_context (from `Flutter/ephemeral/.symlinks/plugins/irondash_engine_context/macos`)
  - just_audio (from `Flutter/ephemeral/.symlinks/plugins/just_audio/darwin`)
  - macos_haptic_feedback (from `Flutter/ephemeral/.symlinks/plugins/macos_haptic_feedback/macos`)
  - medea_flutter_webrtc (from `Flutter/ephemeral/.symlinks/plugins/medea_flutter_webrtc/macos`)
  - medea_jason (from `Flutter/ephemeral/.symlinks/plugins/medea_jason/macos`)
  - media_kit_libs_macos_video (from `Flutter/ephemeral/.symlinks/plugins/media_kit_libs_macos_video/macos`)
  - media_kit_video (from `Flutter/ephemeral/.symlinks/plugins/media_kit_video/macos`)
  - objective_c (from `Flutter/ephemeral/.symlinks/plugins/objective_c/macos`)
  - open_file_mac (from `Flutter/ephemeral/.symlinks/plugins/open_file_mac/macos`)
  - package_info_plus (from `Flutter/ephemeral/.symlinks/plugins/package_info_plus/macos`)
  - path_provider_foundation (from `Flutter/ephemeral/.symlinks/plugins/path_provider_foundation/darwin`)
  - screen_brightness_macos (from `Flutter/ephemeral/.symlinks/plugins/screen_brightness_macos/macos`)
  - screen_retriever_macos (from `Flutter/ephemeral/.symlinks/plugins/screen_retriever_macos/macos`)
  - sentry_flutter (from `Flutter/ephemeral/.symlinks/plugins/sentry_flutter/macos`)
  - share_plus (from `Flutter/ephemeral/.symlinks/plugins/share_plus/macos`)
  - shared_preferences_foundation (from `Flutter/ephemeral/.symlinks/plugins/shared_preferences_foundation/darwin`)
  - sqlite3_flutter_libs (from `Flutter/ephemeral/.symlinks/plugins/sqlite3_flutter_libs/darwin`)
  - super_native_extensions (from `Flutter/ephemeral/.symlinks/plugins/super_native_extensions/macos`)
  - url_launcher_macos (from `Flutter/ephemeral/.symlinks/plugins/url_launcher_macos/macos`)
  - video_player_avfoundation (from `Flutter/ephemeral/.symlinks/plugins/video_player_avfoundation/darwin`)
  - volume_controller (from `Flutter/ephemeral/.symlinks/plugins/volume_controller/macos`)
  - wakelock_plus (from `Flutter/ephemeral/.symlinks/plugins/wakelock_plus/macos`)
  - window_manager (from `Flutter/ephemeral/.symlinks/plugins/window_manager/macos`)

SPEC REPOS:
  trunk:
    - Firebase
    - FirebaseCore
    - FirebaseCoreInternal
    - FirebaseInstallations
    - FirebaseMessaging
    - GoogleDataTransport
    - GoogleUtilities
    - HotKey
    - nanopb
    - PromisesObjC
    - Sentry
    - sqlite3

EXTERNAL SOURCES:
  app_badge_plus:
    :path: Flutter/ephemeral/.symlinks/plugins/app_badge_plus/macos
  app_links:
    :path: Flutter/ephemeral/.symlinks/plugins/app_links/macos
  audio_session:
    :path: Flutter/ephemeral/.symlinks/plugins/audio_session/macos
  connectivity_plus:
    :path: Flutter/ephemeral/.symlinks/plugins/connectivity_plus/macos
  cupertino_http:
    :path: Flutter/ephemeral/.symlinks/plugins/cupertino_http/darwin
  device_info_plus:
    :path: Flutter/ephemeral/.symlinks/plugins/device_info_plus/macos
  file_picker:
    :path: Flutter/ephemeral/.symlinks/plugins/file_picker/macos
  file_selector_macos:
    :path: Flutter/ephemeral/.symlinks/plugins/file_selector_macos/macos
  firebase_core:
    :path: Flutter/ephemeral/.symlinks/plugins/firebase_core/macos
  firebase_messaging:
    :path: Flutter/ephemeral/.symlinks/plugins/firebase_messaging/macos
  flutter_custom_cursor:
    :path: Flutter/ephemeral/.symlinks/plugins/flutter_custom_cursor/macos
  flutter_local_notifications:
    :path: Flutter/ephemeral/.symlinks/plugins/flutter_local_notifications/macos
  FlutterMacOS:
    :path: Flutter/ephemeral
  hotkey_manager_macos:
    :path: Flutter/ephemeral/.symlinks/plugins/hotkey_manager_macos/macos
  irondash_engine_context:
    :path: Flutter/ephemeral/.symlinks/plugins/irondash_engine_context/macos
  just_audio:
    :path: Flutter/ephemeral/.symlinks/plugins/just_audio/darwin
  macos_haptic_feedback:
    :path: Flutter/ephemeral/.symlinks/plugins/macos_haptic_feedback/macos
  medea_flutter_webrtc:
    :path: Flutter/ephemeral/.symlinks/plugins/medea_flutter_webrtc/macos
  medea_jason:
    :path: Flutter/ephemeral/.symlinks/plugins/medea_jason/macos
  media_kit_libs_macos_video:
    :path: Flutter/ephemeral/.symlinks/plugins/media_kit_libs_macos_video/macos
  media_kit_video:
    :path: Flutter/ephemeral/.symlinks/plugins/media_kit_video/macos
  objective_c:
    :path: Flutter/ephemeral/.symlinks/plugins/objective_c/macos
  open_file_mac:
    :path: Flutter/ephemeral/.symlinks/plugins/open_file_mac/macos
  package_info_plus:
    :path: Flutter/ephemeral/.symlinks/plugins/package_info_plus/macos
  path_provider_foundation:
    :path: Flutter/ephemeral/.symlinks/plugins/path_provider_foundation/darwin
  screen_brightness_macos:
    :path: Flutter/ephemeral/.symlinks/plugins/screen_brightness_macos/macos
  screen_retriever_macos:
    :path: Flutter/ephemeral/.symlinks/plugins/screen_retriever_macos/macos
  sentry_flutter:
    :path: Flutter/ephemeral/.symlinks/plugins/sentry_flutter/macos
  share_plus:
    :path: Flutter/ephemeral/.symlinks/plugins/share_plus/macos
  shared_preferences_foundation:
    :path: Flutter/ephemeral/.symlinks/plugins/shared_preferences_foundation/darwin
  sqlite3_flutter_libs:
    :path: Flutter/ephemeral/.symlinks/plugins/sqlite3_flutter_libs/darwin
  super_native_extensions:
    :path: Flutter/ephemeral/.symlinks/plugins/super_native_extensions/macos
  url_launcher_macos:
    :path: Flutter/ephemeral/.symlinks/plugins/url_launcher_macos/macos
  video_player_avfoundation:
    :path: Flutter/ephemeral/.symlinks/plugins/video_player_avfoundation/darwin
  volume_controller:
    :path: Flutter/ephemeral/.symlinks/plugins/volume_controller/macos
  wakelock_plus:
    :path: Flutter/ephemeral/.symlinks/plugins/wakelock_plus/macos
  window_manager:
    :path: Flutter/ephemeral/.symlinks/plugins/window_manager/macos

SPEC CHECKSUMS:
  app_badge_plus: 60ebdbfa6c11558e89f1ac58d3364cd014a41cd2
  app_links: 05a6ec2341985eb05e9f97dc63f5837c39895c3f
  audio_session: eaca2512cf2b39212d724f35d11f46180ad3a33e
  connectivity_plus: 4adf20a405e25b42b9c9f87feff8f4b6fde18a4e
  cupertino_http: 94ac07f5ff090b8effa6c5e2c47871d48ab7c86c
  device_info_plus: 4fb280989f669696856f8b129e4a5e3cd6c48f76
  file_picker: 7584aae6fa07a041af2b36a2655122d42f578c1a
  file_selector_macos: 9e9e068e90ebee155097d00e89ae91edb2374db7
  Firebase: f07b15ae5a6ec0f93713e30b923d9970d144af3e
  firebase_core: e054894ab56033ef9bcbe2d9eac9395e5306e2fc
  firebase_messaging: 373ac3a56e5aa37bb9aff4127f700aa5973c1168
  FirebaseCore: bb595f3114953664e3c1dc032f008a244147cfd3
  FirebaseCoreInternal: d7f5a043c2cd01a08103ab586587c1468047bca6
  FirebaseInstallations: ae9f4902cb5bf1d0c5eaa31ec1f4e5495a0714e2
  FirebaseMessaging: d33971b7bb252745ea6cd31ab190d1a1df4b8ed5
  flutter_custom_cursor: 37e588711a2746f5cf48adb58b582cacff11c0c6
  flutter_local_notifications: 4bf37a31afde695b56091b4ae3e4d9c7a7e6cda0
  FlutterMacOS: d0db08ddef1a9af05a5ec4b724367152bb0500b1
  GoogleDataTransport: aae35b7ea0c09004c3797d53c8c41f66f219d6a7
  GoogleUtilities: 00c88b9a86066ef77f0da2fab05f65d7768ed8e1
  HotKey: 400beb7caa29054ea8d864c96f5ba7e5b4852277
  hotkey_manager_macos: a4317849af96d2430fa89944d3c58977ca089fbe
  irondash_engine_context: 893c7d96d20ce361d7e996f39d360c4c2f9869ba
  just_audio: 4e391f57b79cad2b0674030a00453ca5ce817eed
  macos_haptic_feedback: 298e5c06ffc3838e80c557b24a74937a060798e6
  medea_flutter_webrtc: 2343cc5f102dc4c6618d13177f2f0d61ef37dd28
  medea_jason: ac54722ea3f5c4aebc011f3347f9457e88322f7c
  media_kit_libs_macos_video: 85a23e549b5f480e72cae3e5634b5514bc692f65
  media_kit_video: fa6564e3799a0a28bff39442334817088b7ca758
  nanopb: fad817b59e0457d11a5dfbde799381cd727c1275
  objective_c: ec13431e45ba099cb734eb2829a5c1cd37986cba
  open_file_mac: 01874b6d6a2c1485ac9b126d7105b99102dea2cf
  package_info_plus: f0052d280d17aa382b932f399edf32507174e870
  path_provider_foundation: bb55f6dbba17d0dccd6737fe6f7f34fbd0376880
  PromisesObjC: f5707f49cb48b9636751c5b2e7d227e43fba9f47
  screen_brightness_macos: 2a3ee243f8051c340381e8e51bcedced8360f421
  screen_retriever_macos: 452e51764a9e1cdb74b3c541238795849f21557f
  Sentry: b53951377b78e21a734f5dc8318e333dbfc682d7
  sentry_flutter: 4c33648b7e83310aa1fdb1b10c5491027d9643f0
  share_plus: 510bf0af1a42cd602274b4629920c9649c52f4cc
  shared_preferences_foundation: 7036424c3d8ec98dfe75ff1667cb0cd531ec82bb
  sqlite3: 73513155ec6979715d3904ef53a8d68892d4032b
  sqlite3_flutter_libs: 83f8e9f5b6554077f1d93119fe20ebaa5f3a9ef1
  super_native_extensions: c2795d6d9aedf4a79fae25cb6160b71b50549189
  url_launcher_macos: f87a979182d112f911de6820aefddaf56ee9fbfd
  video_player_avfoundation: dd410b52df6d2466a42d28550e33e4146928280a
  volume_controller: 5c068e6d085c80dadd33fc2c918d2114b775b3dd
  wakelock_plus: 917609be14d812ddd9e9528876538b2263aaa03b
  window_manager: b729e31d38fb04905235df9ea896128991cad99e

PODFILE CHECKSUM: d31615892e294512c5c96e376ac03ed16d1d001d

COCOAPODS: 1.16.2
