PODS:
  - audio_session (0.0.1):
    - Flutter
  - audioplayers_darwin (0.0.1):
    - Flutter
  - callkeep (0.0.1):
    - Flutter
  - connectivity_plus (0.0.1):
    - Flutter
    - ReachabilitySwift
  - DKImagePickerController/Core (4.3.4):
    - DKImagePickerController/ImageDataManager
    - DKImagePickerController/Resource
  - DKImagePickerController/ImageDataManager (4.3.4)
  - DKImagePickerController/PhotoGallery (4.3.4):
    - DKImagePickerController/Core
    - DKPhotoGallery
  - DKImagePickerController/Resource (4.3.4)
  - DKPhotoGallery (0.0.17):
    - DKPhotoGallery/Core (= 0.0.17)
    - DKPhotoGallery/Model (= 0.0.17)
    - DKPhotoGallery/Preview (= 0.0.17)
    - DKPhotoGallery/Resource (= 0.0.17)
    - SDWebImage
    - SwiftyGif
  - DKPhotoGallery/Core (0.0.17):
    - DKPhotoGallery/Model
    - DKPhotoGallery/Preview
    - SDWebImage
    - SwiftyGif
  - DKPhotoGallery/Model (0.0.17):
    - SDWebImage
    - SwiftyGif
  - DKPhotoGallery/Preview (0.0.17):
    - DKPhotoGallery/Model
    - DKPhotoGallery/Resource
    - SDWebImage
    - SwiftyGif
  - DKPhotoGallery/Resource (0.0.17):
    - SDWebImage
    - SwiftyGif
  - file_picker (0.0.1):
    - DKImagePickerController/PhotoGallery
    - Flutter
  - Flutter (1.0.0)
  - flutter_app_badger (1.3.0):
    - Flutter
  - flutter_background_service_ios (0.0.3):
    - Flutter
  - flutter_local_notifications (0.0.1):
    - Flutter
  - image_gallery_saver (1.5.0):
    - Flutter
  - image_picker_ios (0.0.1):
    - Flutter
  - integration_test (0.0.1):
    - Flutter
  - just_audio (0.0.1):
    - Flutter
  - libyuv-iOS (1.0.2)
  - medea_flutter_webrtc (0.8.0-dev):
    - Flutter
    - libyuv-iOS
    - WebRTC-SDK (= 104.5112.04)
  - medea_jason (0.3.0-dev):
    - Flutter
  - open_file (0.0.1):
    - Flutter
  - package_info_plus (0.4.5):
    - Flutter
  - pasteboard (0.0.1):
    - Flutter
  - path_provider_ios (0.0.1):
    - Flutter
  - permission_handler_apple (9.0.4):
    - Flutter
  - ReachabilitySwift (5.0.0)
  - SDWebImage (5.13.5):
    - SDWebImage/Core (= 5.13.5)
  - SDWebImage/Core (5.13.5)
  - sensors (0.0.1):
    - Flutter
  - Sentry (7.23.0):
    - Sentry/Core (= 7.23.0)
  - Sentry/Core (7.23.0)
  - sentry_flutter (0.0.1):
    - Flutter
    - FlutterMacOS
    - Sentry (~> 7.23.0)
  - share_plus (0.0.1):
    - Flutter
  - SwiftyGif (5.4.3)
  - url_launcher_ios (0.0.1):
    - Flutter
  - vibration (1.7.5):
    - Flutter
  - video_player_avfoundation (0.0.1):
    - Flutter
  - wakelock (0.0.1):
    - Flutter
  - WebRTC-SDK (104.5112.04)

DEPENDENCIES:
  - audio_session (from `.symlinks/plugins/audio_session/ios`)
  - audioplayers_darwin (from `.symlinks/plugins/audioplayers_darwin/ios`)
  - callkeep (from `.symlinks/plugins/callkeep/ios`)
  - connectivity_plus (from `.symlinks/plugins/connectivity_plus/ios`)
  - file_picker (from `.symlinks/plugins/file_picker/ios`)
  - Flutter (from `Flutter`)
  - flutter_app_badger (from `.symlinks/plugins/flutter_app_badger/ios`)
  - flutter_background_service_ios (from `.symlinks/plugins/flutter_background_service_ios/ios`)
  - flutter_local_notifications (from `.symlinks/plugins/flutter_local_notifications/ios`)
  - image_gallery_saver (from `.symlinks/plugins/image_gallery_saver/ios`)
  - image_picker_ios (from `.symlinks/plugins/image_picker_ios/ios`)
  - integration_test (from `.symlinks/plugins/integration_test/ios`)
  - just_audio (from `.symlinks/plugins/just_audio/ios`)
  - medea_flutter_webrtc (from `.symlinks/plugins/medea_flutter_webrtc/ios`)
  - medea_jason (from `.symlinks/plugins/medea_jason/ios`)
  - open_file (from `.symlinks/plugins/open_file/ios`)
  - package_info_plus (from `.symlinks/plugins/package_info_plus/ios`)
  - pasteboard (from `.symlinks/plugins/pasteboard/ios`)
  - path_provider_ios (from `.symlinks/plugins/path_provider_ios/ios`)
  - permission_handler_apple (from `.symlinks/plugins/permission_handler_apple/ios`)
  - sensors (from `.symlinks/plugins/sensors/ios`)
  - sentry_flutter (from `.symlinks/plugins/sentry_flutter/ios`)
  - share_plus (from `.symlinks/plugins/share_plus/ios`)
  - url_launcher_ios (from `.symlinks/plugins/url_launcher_ios/ios`)
  - vibration (from `.symlinks/plugins/vibration/ios`)
  - video_player_avfoundation (from `.symlinks/plugins/video_player_avfoundation/ios`)
  - wakelock (from `.symlinks/plugins/wakelock/ios`)

SPEC REPOS:
  trunk:
    - DKImagePickerController
    - DKPhotoGallery
    - libyuv-iOS
    - ReachabilitySwift
    - SDWebImage
    - Sentry
    - SwiftyGif
    - WebRTC-SDK

EXTERNAL SOURCES:
  audio_session:
    :path: ".symlinks/plugins/audio_session/ios"
  audioplayers_darwin:
    :path: ".symlinks/plugins/audioplayers_darwin/ios"
  callkeep:
    :path: ".symlinks/plugins/callkeep/ios"
  connectivity_plus:
    :path: ".symlinks/plugins/connectivity_plus/ios"
  file_picker:
    :path: ".symlinks/plugins/file_picker/ios"
  Flutter:
    :path: Flutter
  flutter_app_badger:
    :path: ".symlinks/plugins/flutter_app_badger/ios"
  flutter_background_service_ios:
    :path: ".symlinks/plugins/flutter_background_service_ios/ios"
  flutter_local_notifications:
    :path: ".symlinks/plugins/flutter_local_notifications/ios"
  image_gallery_saver:
    :path: ".symlinks/plugins/image_gallery_saver/ios"
  image_picker_ios:
    :path: ".symlinks/plugins/image_picker_ios/ios"
  integration_test:
    :path: ".symlinks/plugins/integration_test/ios"
  just_audio:
    :path: ".symlinks/plugins/just_audio/ios"
  medea_flutter_webrtc:
    :path: ".symlinks/plugins/medea_flutter_webrtc/ios"
  medea_jason:
    :path: ".symlinks/plugins/medea_jason/ios"
  open_file:
    :path: ".symlinks/plugins/open_file/ios"
  package_info_plus:
    :path: ".symlinks/plugins/package_info_plus/ios"
  pasteboard:
    :path: ".symlinks/plugins/pasteboard/ios"
  path_provider_ios:
    :path: ".symlinks/plugins/path_provider_ios/ios"
  permission_handler_apple:
    :path: ".symlinks/plugins/permission_handler_apple/ios"
  sensors:
    :path: ".symlinks/plugins/sensors/ios"
  sentry_flutter:
    :path: ".symlinks/plugins/sentry_flutter/ios"
  share_plus:
    :path: ".symlinks/plugins/share_plus/ios"
  url_launcher_ios:
    :path: ".symlinks/plugins/url_launcher_ios/ios"
  vibration:
    :path: ".symlinks/plugins/vibration/ios"
  video_player_avfoundation:
    :path: ".symlinks/plugins/video_player_avfoundation/ios"
  wakelock:
    :path: ".symlinks/plugins/wakelock/ios"

SPEC CHECKSUMS:
  audio_session: 4f3e461722055d21515cf3261b64c973c062f345
  audioplayers_darwin: 387322cb364026a1782298c982693b1b6aa9fa1b
  callkeep: 6b21abbd46786a36e482190816db99b391ada1e3
  connectivity_plus: 413a8857dd5d9f1c399a39130850d02fe0feaf7e
  DKImagePickerController: b512c28220a2b8ac7419f21c491fc8534b7601ac
  DKPhotoGallery: fdfad5125a9fdda9cc57df834d49df790dbb4179
  file_picker: 817ab1d8cd2da9d2da412a417162deee3500fc95
  Flutter: f04841e97a9d0b0a8025694d0796dd46242b2854
  flutter_app_badger: b87fc231847b03b92ce1412aa351842e7e97932f
  flutter_background_service_ios: e30e0d3ee69e4cee66272d0c78eacd48c2e94aac
  flutter_local_notifications: 0c0b1ae97e741e1521e4c1629a459d04b9aec743
  image_gallery_saver: 259eab68fb271cfd57d599904f7acdc7832e7ef2
  image_picker_ios: b786a5dcf033a8336a657191401bfdf12017dabb
  integration_test: a1e7d09bd98eca2fc37aefd79d4f41ad37bdbbe5
  just_audio: baa7252489dbcf47a4c7cc9ca663e9661c99aafa
  libyuv-iOS: 5a154ccc84ec754029886ecb607512731fe30640
  medea_flutter_webrtc: c5f0b14bd07c960be7ea856ec489e8b0a9cd1f5b
  medea_jason: 1088dc4572d2b14026ce84d44af0e7757dccc891
  open_file: 02eb5cb6b21264bd3a696876f5afbfb7ca4f4b7d
  package_info_plus: 6c92f08e1f853dc01228d6f553146438dafcd14e
  pasteboard: 982969ebaa7c78af3e6cc7761e8f5e77565d9ce0
  path_provider_ios: 14f3d2fd28c4fdb42f44e0f751d12861c43cee02
  permission_handler_apple: 44366e37eaf29454a1e7b1b7d736c2cceaeb17ce
  ReachabilitySwift: 985039c6f7b23a1da463388634119492ff86c825
  SDWebImage: 23d714cd599354ee7906dbae26dff89b421c4370
  sensors: 84eb7a30e47a649e4172b71d6e81be614c280336
  Sentry: a0d4563fa4ddacba31fdcc35daaa8573d87224d6
  sentry_flutter: 8bde7d0e57a721727fe573f13bb292c497b5a249
  share_plus: 056a1e8ac890df3e33cb503afffaf1e9b4fbae68
  SwiftyGif: 6c3eafd0ce693cad58bb63d2b2fb9bacb8552780
  url_launcher_ios: 839c58cdb4279282219f5e248c3321761ff3c4de
  vibration: 7d883d141656a1c1a6d8d238616b2042a51a1241
  video_player_avfoundation: e489aac24ef5cf7af82702979ed16f2a5ef84cff
  wakelock: d0fc7c864128eac40eba1617cb5264d9c940b46f
  WebRTC-SDK: 3f688dd6e2fd2d5282c7c643e328c21e62ab10e7

PODFILE CHECKSUM: f3e844f7cd0478f1b0a3a8e6943c891f7d895535

COCOAPODS: 1.11.3
